// !$*UTF8*$!
{
	archiveVersion = 1;
	classes = {
	};
	objectVersion = 46;
	objects = {

/* Begin PBXAggregateTarget section */
		0A8FDA6D1E8A15DB00A6E2C1 /* Weexplugin-package */ = {
			isa = PBXAggregateTarget;
			buildConfigurationList = 0A8FDA701E8A15DB00A6E2C1 /* Build configuration list for PBXAggregateTarget "Weexplugin-package" */;
			buildPhases = (
				0A8FDA711E8A164800A6E2C1 /* ShellScript */,
			);
			dependencies = (
			);
			name = "Weexplugin-package";
			productName = "Weexplugin-package";
		};
/* End PBXAggregateTarget section */

/* Begin PBXBuildFile section */
		0A3E5EE61E84F66F00F1E5FD /* WXSVGPolyline.h in Headers */ = {isa = PBXBuildFile; fileRef = 0A3E5EE41E84F66F00F1E5FD /* WXSVGPolyline.h */; };
		0A3E5EE71E84F66F00F1E5FD /* WXSVGPolyline.m in Sources */ = {isa = PBXBuildFile; fileRef = 0A3E5EE51E84F66F00F1E5FD /* WXSVGPolyline.m */; };
		0A3E5EE81E84F66F00F1E5FD /* WXSVGPolyline.m in Sources */ = {isa = PBXBuildFile; fileRef = 0A3E5EE51E84F66F00F1E5FD /* WXSVGPolyline.m */; };
		0A3E5EEB1E84F82100F1E5FD /* WXSVGPolylineComponent.h in Headers */ = {isa = PBXBuildFile; fileRef = 0A3E5EE91E84F82100F1E5FD /* WXSVGPolylineComponent.h */; settings = {ATTRIBUTES = (Public, ); }; };
		0A3E5EEC1E84F82100F1E5FD /* WXSVGPolylineComponent.m in Sources */ = {isa = PBXBuildFile; fileRef = 0A3E5EEA1E84F82100F1E5FD /* WXSVGPolylineComponent.m */; };
		0A3E5EED1E84F82100F1E5FD /* WXSVGPolylineComponent.m in Sources */ = {isa = PBXBuildFile; fileRef = 0A3E5EEA1E84F82100F1E5FD /* WXSVGPolylineComponent.m */; };
		0A3E5EFC1E85166300F1E5FD /* WXSVGDefsComponent.h in Headers */ = {isa = PBXBuildFile; fileRef = 0A3E5EFA1E85166300F1E5FD /* WXSVGDefsComponent.h */; settings = {ATTRIBUTES = (Public, ); }; };
		0A3E5EFD1E85166300F1E5FD /* WXSVGDefsComponent.m in Sources */ = {isa = PBXBuildFile; fileRef = 0A3E5EFB1E85166300F1E5FD /* WXSVGDefsComponent.m */; };
		0A3E5EFE1E85166300F1E5FD /* WXSVGDefsComponent.m in Sources */ = {isa = PBXBuildFile; fileRef = 0A3E5EFB1E85166300F1E5FD /* WXSVGDefsComponent.m */; };
		0A3E5F011E85167D00F1E5FD /* WXSVGStopComponent.h in Headers */ = {isa = PBXBuildFile; fileRef = 0A3E5EFF1E85167D00F1E5FD /* WXSVGStopComponent.h */; settings = {ATTRIBUTES = (Public, ); }; };
		0A3E5F021E85167D00F1E5FD /* WXSVGStopComponent.m in Sources */ = {isa = PBXBuildFile; fileRef = 0A3E5F001E85167D00F1E5FD /* WXSVGStopComponent.m */; };
		0A3E5F031E85167D00F1E5FD /* WXSVGStopComponent.m in Sources */ = {isa = PBXBuildFile; fileRef = 0A3E5F001E85167D00F1E5FD /* WXSVGStopComponent.m */; };
		0A9EF76D1E88EC24009E517C /* WXSVGStop.h in Headers */ = {isa = PBXBuildFile; fileRef = 0A9EF76B1E88EC24009E517C /* WXSVGStop.h */; };
		0A9EF76E1E88EC24009E517C /* WXSVGStop.m in Sources */ = {isa = PBXBuildFile; fileRef = 0A9EF76C1E88EC24009E517C /* WXSVGStop.m */; };
		0A9EF76F1E88EC24009E517C /* WXSVGStop.m in Sources */ = {isa = PBXBuildFile; fileRef = 0A9EF76C1E88EC24009E517C /* WXSVGStop.m */; };
		0AA1CE201E82A37100E18EB9 /* WXSVGEllipse.h in Headers */ = {isa = PBXBuildFile; fileRef = 0AA1CE181E82A37100E18EB9 /* WXSVGEllipse.h */; };
		0AA1CE211E82A37100E18EB9 /* WXSVGEllipse.m in Sources */ = {isa = PBXBuildFile; fileRef = 0AA1CE191E82A37100E18EB9 /* WXSVGEllipse.m */; };
		0AA1CE221E82A37100E18EB9 /* WXSVGGroup.h in Headers */ = {isa = PBXBuildFile; fileRef = 0AA1CE1A1E82A37100E18EB9 /* WXSVGGroup.h */; };
		0AA1CE231E82A37100E18EB9 /* WXSVGGroup.m in Sources */ = {isa = PBXBuildFile; fileRef = 0AA1CE1B1E82A37100E18EB9 /* WXSVGGroup.m */; };
		0AA1CE241E82A37100E18EB9 /* WXSVGPath.h in Headers */ = {isa = PBXBuildFile; fileRef = 0AA1CE1C1E82A37100E18EB9 /* WXSVGPath.h */; };
		0AA1CE251E82A37100E18EB9 /* WXSVGPath.m in Sources */ = {isa = PBXBuildFile; fileRef = 0AA1CE1D1E82A37100E18EB9 /* WXSVGPath.m */; };
		0AA1CE261E82A37100E18EB9 /* WXSVGRect.h in Headers */ = {isa = PBXBuildFile; fileRef = 0AA1CE1E1E82A37100E18EB9 /* WXSVGRect.h */; };
		0AA1CE271E82A37100E18EB9 /* WXSVGRect.m in Sources */ = {isa = PBXBuildFile; fileRef = 0AA1CE1F1E82A37100E18EB9 /* WXSVGRect.m */; };
		0AA1CE2A1E82A3CF00E18EB9 /* WXSVGLinearGradient.h in Headers */ = {isa = PBXBuildFile; fileRef = 0AA1CE281E82A3CF00E18EB9 /* WXSVGLinearGradient.h */; };
		0AA1CE2B1E82A3CF00E18EB9 /* WXSVGLinearGradient.m in Sources */ = {isa = PBXBuildFile; fileRef = 0AA1CE291E82A3CF00E18EB9 /* WXSVGLinearGradient.m */; };
		0AA1CE2C1E82A3CF00E18EB9 /* WXSVGLinearGradient.m in Sources */ = {isa = PBXBuildFile; fileRef = 0AA1CE291E82A3CF00E18EB9 /* WXSVGLinearGradient.m */; };
		0AA1CE2F1E82A67800E18EB9 /* WXSVGLinearGradientComponent.h in Headers */ = {isa = PBXBuildFile; fileRef = 0AA1CE2D1E82A67800E18EB9 /* WXSVGLinearGradientComponent.h */; settings = {ATTRIBUTES = (Public, ); }; };
		0AA1CE301E82A67800E18EB9 /* WXSVGLinearGradientComponent.m in Sources */ = {isa = PBXBuildFile; fileRef = 0AA1CE2E1E82A67800E18EB9 /* WXSVGLinearGradientComponent.m */; };
		0AA1CE311E82A67800E18EB9 /* WXSVGLinearGradientComponent.m in Sources */ = {isa = PBXBuildFile; fileRef = 0AA1CE2E1E82A67800E18EB9 /* WXSVGLinearGradientComponent.m */; };
		0AA1CE361E82A73D00E18EB9 /* NSArray+WXSVG.h in Headers */ = {isa = PBXBuildFile; fileRef = 0AA1CE321E82A73D00E18EB9 /* NSArray+WXSVG.h */; };
		0AA1CE371E82A73D00E18EB9 /* NSArray+WXSVG.m in Sources */ = {isa = PBXBuildFile; fileRef = 0AA1CE331E82A73D00E18EB9 /* NSArray+WXSVG.m */; };
		0AA1CE381E82A73D00E18EB9 /* NSArray+WXSVG.m in Sources */ = {isa = PBXBuildFile; fileRef = 0AA1CE331E82A73D00E18EB9 /* NSArray+WXSVG.m */; };
		0AA1CE391E82A73D00E18EB9 /* NSDictionary+WXSVG.h in Headers */ = {isa = PBXBuildFile; fileRef = 0AA1CE341E82A73D00E18EB9 /* NSDictionary+WXSVG.h */; };
		0AA1CE3A1E82A73D00E18EB9 /* NSDictionary+WXSVG.m in Sources */ = {isa = PBXBuildFile; fileRef = 0AA1CE351E82A73D00E18EB9 /* NSDictionary+WXSVG.m */; };
		0AA1CE3B1E82A73D00E18EB9 /* NSDictionary+WXSVG.m in Sources */ = {isa = PBXBuildFile; fileRef = 0AA1CE351E82A73D00E18EB9 /* NSDictionary+WXSVG.m */; };
		0AA1CE441E82AA1E00E18EB9 /* WXSVGEllipseComponent.h in Headers */ = {isa = PBXBuildFile; fileRef = 0AA1CE3C1E82AA1E00E18EB9 /* WXSVGEllipseComponent.h */; settings = {ATTRIBUTES = (Public, ); }; };
		0AA1CE451E82AA1E00E18EB9 /* WXSVGEllipseComponent.m in Sources */ = {isa = PBXBuildFile; fileRef = 0AA1CE3D1E82AA1E00E18EB9 /* WXSVGEllipseComponent.m */; };
		0AA1CE461E82AA1E00E18EB9 /* WXSVGEllipseComponent.m in Sources */ = {isa = PBXBuildFile; fileRef = 0AA1CE3D1E82AA1E00E18EB9 /* WXSVGEllipseComponent.m */; };
		0AA1CE471E82AA1E00E18EB9 /* WXSVGGroupComponent.h in Headers */ = {isa = PBXBuildFile; fileRef = 0AA1CE3E1E82AA1E00E18EB9 /* WXSVGGroupComponent.h */; };
		0AA1CE481E82AA1E00E18EB9 /* WXSVGGroupComponent.m in Sources */ = {isa = PBXBuildFile; fileRef = 0AA1CE3F1E82AA1E00E18EB9 /* WXSVGGroupComponent.m */; };
		0AA1CE491E82AA1E00E18EB9 /* WXSVGGroupComponent.m in Sources */ = {isa = PBXBuildFile; fileRef = 0AA1CE3F1E82AA1E00E18EB9 /* WXSVGGroupComponent.m */; };
		0AA1CE4A1E82AA1E00E18EB9 /* WXSVGPathComponent.h in Headers */ = {isa = PBXBuildFile; fileRef = 0AA1CE401E82AA1E00E18EB9 /* WXSVGPathComponent.h */; settings = {ATTRIBUTES = (Public, ); }; };
		0AA1CE4B1E82AA1E00E18EB9 /* WXSVGPathComponent.m in Sources */ = {isa = PBXBuildFile; fileRef = 0AA1CE411E82AA1E00E18EB9 /* WXSVGPathComponent.m */; };
		0AA1CE4C1E82AA1E00E18EB9 /* WXSVGPathComponent.m in Sources */ = {isa = PBXBuildFile; fileRef = 0AA1CE411E82AA1E00E18EB9 /* WXSVGPathComponent.m */; };
		0AA1CE4D1E82AA1E00E18EB9 /* WXSVGRectComponent.h in Headers */ = {isa = PBXBuildFile; fileRef = 0AA1CE421E82AA1E00E18EB9 /* WXSVGRectComponent.h */; settings = {ATTRIBUTES = (Public, ); }; };
		0AA1CE4E1E82AA1E00E18EB9 /* WXSVGRectComponent.m in Sources */ = {isa = PBXBuildFile; fileRef = 0AA1CE431E82AA1E00E18EB9 /* WXSVGRectComponent.m */; };
		0AA1CE4F1E82AA1E00E18EB9 /* WXSVGRectComponent.m in Sources */ = {isa = PBXBuildFile; fileRef = 0AA1CE431E82AA1E00E18EB9 /* WXSVGRectComponent.m */; };
		0AA1CE521E82AA8A00E18EB9 /* WXSVGRadialGradientComponent.h in Headers */ = {isa = PBXBuildFile; fileRef = 0AA1CE501E82AA8A00E18EB9 /* WXSVGRadialGradientComponent.h */; settings = {ATTRIBUTES = (Public, ); }; };
		0AA1CE531E82AA8A00E18EB9 /* WXSVGRadialGradientComponent.m in Sources */ = {isa = PBXBuildFile; fileRef = 0AA1CE511E82AA8A00E18EB9 /* WXSVGRadialGradientComponent.m */; };
		0AA1CE541E82AA8A00E18EB9 /* WXSVGRadialGradientComponent.m in Sources */ = {isa = PBXBuildFile; fileRef = 0AA1CE511E82AA8A00E18EB9 /* WXSVGRadialGradientComponent.m */; };
		0AA1CE571E82AAC100E18EB9 /* WXSVGRadialGradient.h in Headers */ = {isa = PBXBuildFile; fileRef = 0AA1CE551E82AAC100E18EB9 /* WXSVGRadialGradient.h */; };
		0AA1CE581E82AAC100E18EB9 /* WXSVGRadialGradient.m in Sources */ = {isa = PBXBuildFile; fileRef = 0AA1CE561E82AAC100E18EB9 /* WXSVGRadialGradient.m */; };
		0AA1CE591E82AAC100E18EB9 /* WXSVGRadialGradient.m in Sources */ = {isa = PBXBuildFile; fileRef = 0AA1CE561E82AAC100E18EB9 /* WXSVGRadialGradient.m */; };
		0AA988D51E5BE84300D5E065 /* WeexSVGPlugin.framework in Frameworks */ = {isa = PBXBuildFile; fileRef = 0AA988CB1E5BE84300D5E065 /* WeexSVGPlugin.framework */; };
		0AA988DA1E5BE84300D5E065 /* WeexSVGPluginTests.m in Sources */ = {isa = PBXBuildFile; fileRef = 0AA988D91E5BE84300D5E065 /* WeexSVGPluginTests.m */; };
		0AA988DC1E5BE84300D5E065 /* WeexSVGPlugin.h in Headers */ = {isa = PBXBuildFile; fileRef = 0AA988CE1E5BE84300D5E065 /* WeexSVGPlugin.h */; settings = {ATTRIBUTES = (Public, ); }; };
		0AA9890D1E5BE87D00D5E065 /* WXSVGBaseBrush.h in Headers */ = {isa = PBXBuildFile; fileRef = 0AA988E71E5BE87D00D5E065 /* WXSVGBaseBrush.h */; };
		0AA9890E1E5BE87D00D5E065 /* WXSVGBaseBrush.m in Sources */ = {isa = PBXBuildFile; fileRef = 0AA988E81E5BE87D00D5E065 /* WXSVGBaseBrush.m */; };
		0AA9890F1E5BE87D00D5E065 /* WXSVGBrush.h in Headers */ = {isa = PBXBuildFile; fileRef = 0AA988E91E5BE87D00D5E065 /* WXSVGBrush.h */; };
		0AA989101E5BE87D00D5E065 /* WXSVGBrush.m in Sources */ = {isa = PBXBuildFile; fileRef = 0AA988EA1E5BE87D00D5E065 /* WXSVGBrush.m */; };
		0AA989111E5BE87D00D5E065 /* WXSVGBrushConverter.h in Headers */ = {isa = PBXBuildFile; fileRef = 0AA988EB1E5BE87D00D5E065 /* WXSVGBrushConverter.h */; };
		0AA989121E5BE87D00D5E065 /* WXSVGBrushConverter.m in Sources */ = {isa = PBXBuildFile; fileRef = 0AA988EC1E5BE87D00D5E065 /* WXSVGBrushConverter.m */; };
		0AA989131E5BE87D00D5E065 /* WXSVGSolidColorBrush.h in Headers */ = {isa = PBXBuildFile; fileRef = 0AA988ED1E5BE87D00D5E065 /* WXSVGSolidColorBrush.h */; };
		0AA989141E5BE87D00D5E065 /* WXSVGSolidColorBrush.m in Sources */ = {isa = PBXBuildFile; fileRef = 0AA988EE1E5BE87D00D5E065 /* WXSVGSolidColorBrush.m */; };
		0AA989151E5BE87D00D5E065 /* WXSVGCircleComponent.h in Headers */ = {isa = PBXBuildFile; fileRef = 0AA988F01E5BE87D00D5E065 /* WXSVGCircleComponent.h */; settings = {ATTRIBUTES = (Public, ); }; };
		0AA989161E5BE87D00D5E065 /* WXSVGCircleComponent.m in Sources */ = {isa = PBXBuildFile; fileRef = 0AA988F11E5BE87D00D5E065 /* WXSVGCircleComponent.m */; };
		0AA989171E5BE87D00D5E065 /* WXSVGComponent.h in Headers */ = {isa = PBXBuildFile; fileRef = 0AA988F21E5BE87D00D5E065 /* WXSVGComponent.h */; settings = {ATTRIBUTES = (Public, ); }; };
		0AA989181E5BE87D00D5E065 /* WXSVGComponent.m in Sources */ = {isa = PBXBuildFile; fileRef = 0AA988F31E5BE87D00D5E065 /* WXSVGComponent.m */; };
		0AA989191E5BE87D00D5E065 /* WXSVGLineComponent.h in Headers */ = {isa = PBXBuildFile; fileRef = 0AA988F41E5BE87D00D5E065 /* WXSVGLineComponent.h */; settings = {ATTRIBUTES = (Public, ); }; };
		0AA9891A1E5BE87D00D5E065 /* WXSVGLineComponent.m in Sources */ = {isa = PBXBuildFile; fileRef = 0AA988F51E5BE87D00D5E065 /* WXSVGLineComponent.m */; };
		0AA9891B1E5BE87D00D5E065 /* WXSVGNodeComponent.h in Headers */ = {isa = PBXBuildFile; fileRef = 0AA988F61E5BE87D00D5E065 /* WXSVGNodeComponent.h */; };
		0AA9891C1E5BE87D00D5E065 /* WXSVGNodeComponent.m in Sources */ = {isa = PBXBuildFile; fileRef = 0AA988F71E5BE87D00D5E065 /* WXSVGNodeComponent.m */; };
		0AA9891D1E5BE87D00D5E065 /* WXSVGRenderableComponent.h in Headers */ = {isa = PBXBuildFile; fileRef = 0AA988F81E5BE87D00D5E065 /* WXSVGRenderableComponent.h */; };
		0AA9891E1E5BE87D00D5E065 /* WXSVGRenderableComponent.m in Sources */ = {isa = PBXBuildFile; fileRef = 0AA988F91E5BE87D00D5E065 /* WXSVGRenderableComponent.m */; };
		0AA9891F1E5BE87D00D5E065 /* WXConvert+WXSVG.h in Headers */ = {isa = PBXBuildFile; fileRef = 0AA988FB1E5BE87D00D5E065 /* WXConvert+WXSVG.h */; };
		0AA989201E5BE87D00D5E065 /* WXConvert+WXSVG.m in Sources */ = {isa = PBXBuildFile; fileRef = 0AA988FC1E5BE87D00D5E065 /* WXConvert+WXSVG.m */; };
		0AA989211E5BE87D00D5E065 /* WXSVGPathParser.h in Headers */ = {isa = PBXBuildFile; fileRef = 0AA988FD1E5BE87D00D5E065 /* WXSVGPathParser.h */; };
		0AA989221E5BE87D00D5E065 /* WXSVGPathParser.m in Sources */ = {isa = PBXBuildFile; fileRef = 0AA988FE1E5BE87D00D5E065 /* WXSVGPathParser.m */; };
		0AA989231E5BE87D00D5E065 /* WXSVGPercentageConverter.h in Headers */ = {isa = PBXBuildFile; fileRef = 0AA988FF1E5BE87D00D5E065 /* WXSVGPercentageConverter.h */; };
		0AA989241E5BE87D00D5E065 /* WXSVGPercentageConverter.m in Sources */ = {isa = PBXBuildFile; fileRef = 0AA989001E5BE87D00D5E065 /* WXSVGPercentageConverter.m */; };
		0AA989251E5BE87D00D5E065 /* WXSVGCircle.h in Headers */ = {isa = PBXBuildFile; fileRef = 0AA989021E5BE87D00D5E065 /* WXSVGCircle.h */; };
		0AA989261E5BE87D00D5E065 /* WXSVGCircle.m in Sources */ = {isa = PBXBuildFile; fileRef = 0AA989031E5BE87D00D5E065 /* WXSVGCircle.m */; };
		0AA989271E5BE87D00D5E065 /* WXSVGLine.h in Headers */ = {isa = PBXBuildFile; fileRef = 0AA989041E5BE87D00D5E065 /* WXSVGLine.h */; };
		0AA989281E5BE87D00D5E065 /* WXSVGLine.m in Sources */ = {isa = PBXBuildFile; fileRef = 0AA989051E5BE87D00D5E065 /* WXSVGLine.m */; };
		0AA989291E5BE87D00D5E065 /* WXSVGNode.h in Headers */ = {isa = PBXBuildFile; fileRef = 0AA989061E5BE87D00D5E065 /* WXSVGNode.h */; };
		0AA9892A1E5BE87D00D5E065 /* WXSVGNode.m in Sources */ = {isa = PBXBuildFile; fileRef = 0AA989071E5BE87D00D5E065 /* WXSVGNode.m */; };
		0AA9892B1E5BE87D00D5E065 /* WXSVGRenderable.h in Headers */ = {isa = PBXBuildFile; fileRef = 0AA989081E5BE87D00D5E065 /* WXSVGRenderable.h */; };
		0AA9892C1E5BE87D00D5E065 /* WXSVGRenderable.m in Sources */ = {isa = PBXBuildFile; fileRef = 0AA989091E5BE87D00D5E065 /* WXSVGRenderable.m */; };
		0AA9892D1E5BE87D00D5E065 /* WXSVGSvgView.h in Headers */ = {isa = PBXBuildFile; fileRef = 0AA9890A1E5BE87D00D5E065 /* WXSVGSvgView.h */; };
		0AA9892E1E5BE87D00D5E065 /* WXSVGSvgView.m in Sources */ = {isa = PBXBuildFile; fileRef = 0AA9890B1E5BE87D00D5E065 /* WXSVGSvgView.m */; };
		0AA9892F1E5BE87D00D5E065 /* WXSVGContainer.h in Headers */ = {isa = PBXBuildFile; fileRef = 0AA9890C1E5BE87D00D5E065 /* WXSVGContainer.h */; };
		0AAB38031E84D08600311607 /* WXSVGPolygonComponent.h in Headers */ = {isa = PBXBuildFile; fileRef = 0AAB38011E84D08600311607 /* WXSVGPolygonComponent.h */; settings = {ATTRIBUTES = (Public, ); }; };
		0AAB38041E84D08600311607 /* WXSVGPolygonComponent.m in Sources */ = {isa = PBXBuildFile; fileRef = 0AAB38021E84D08600311607 /* WXSVGPolygonComponent.m */; };
		0AAB38051E84D08600311607 /* WXSVGPolygonComponent.m in Sources */ = {isa = PBXBuildFile; fileRef = 0AAB38021E84D08600311607 /* WXSVGPolygonComponent.m */; };
		0AAB38081E84D0BD00311607 /* WXSVGPolygon.h in Headers */ = {isa = PBXBuildFile; fileRef = 0AAB38061E84D0BD00311607 /* WXSVGPolygon.h */; };
		0AAB38091E84D0BD00311607 /* WXSVGPolygon.m in Sources */ = {isa = PBXBuildFile; fileRef = 0AAB38071E84D0BD00311607 /* WXSVGPolygon.m */; };
		0AAB380A1E84D0BD00311607 /* WXSVGPolygon.m in Sources */ = {isa = PBXBuildFile; fileRef = 0AAB38071E84D0BD00311607 /* WXSVGPolygon.m */; };
		0AF497031E88B0870072837A /* WXSVGDefs.h in Headers */ = {isa = PBXBuildFile; fileRef = 0AF497011E88B0870072837A /* WXSVGDefs.h */; };
		0AF497041E88B0870072837A /* WXSVGDefs.m in Sources */ = {isa = PBXBuildFile; fileRef = 0AF497021E88B0870072837A /* WXSVGDefs.m */; };
		0AF497051E88B0870072837A /* WXSVGDefs.m in Sources */ = {isa = PBXBuildFile; fileRef = 0AF497021E88B0870072837A /* WXSVGDefs.m */; };
		34136B08F621E224CE5AADE8 /* libPods-WeexSVGPlugin.a in Frameworks */ = {isa = PBXBuildFile; fileRef = 0D2DFB3A777123AD5D05FE41 /* libPods-WeexSVGPlugin.a */; };
		83E1FC2FA58F7DB4DDC923AB /* libPods-WeexSVGPluginTests.a in Frameworks */ = {isa = PBXBuildFile; fileRef = 70A530AF16CA737D2CD82583 /* libPods-WeexSVGPluginTests.a */; };
/* End PBXBuildFile section */

/* Begin PBXContainerItemProxy section */
		0AA988D61E5BE84300D5E065 /* PBXContainerItemProxy */ = {
			isa = PBXContainerItemProxy;
			containerPortal = 0AA988C21E5BE84300D5E065 /* Project object */;
			proxyType = 1;
			remoteGlobalIDString = 0AA988CA1E5BE84300D5E065;
			remoteInfo = WeexSVGPlugin;
		};
/* End PBXContainerItemProxy section */

/* Begin PBXFileReference section */
		0A3E5EE41E84F66F00F1E5FD /* WXSVGPolyline.h */ = {isa = PBXFileReference; fileEncoding = 4; lastKnownFileType = sourcecode.c.h; path = WXSVGPolyline.h; sourceTree = "<group>"; };
		0A3E5EE51E84F66F00F1E5FD /* WXSVGPolyline.m */ = {isa = PBXFileReference; fileEncoding = 4; lastKnownFileType = sourcecode.c.objc; path = WXSVGPolyline.m; sourceTree = "<group>"; };
		0A3E5EE91E84F82100F1E5FD /* WXSVGPolylineComponent.h */ = {isa = PBXFileReference; fileEncoding = 4; lastKnownFileType = sourcecode.c.h; path = WXSVGPolylineComponent.h; sourceTree = "<group>"; };
		0A3E5EEA1E84F82100F1E5FD /* WXSVGPolylineComponent.m */ = {isa = PBXFileReference; fileEncoding = 4; lastKnownFileType = sourcecode.c.objc; path = WXSVGPolylineComponent.m; sourceTree = "<group>"; };
		0A3E5EFA1E85166300F1E5FD /* WXSVGDefsComponent.h */ = {isa = PBXFileReference; fileEncoding = 4; lastKnownFileType = sourcecode.c.h; path = WXSVGDefsComponent.h; sourceTree = "<group>"; };
		0A3E5EFB1E85166300F1E5FD /* WXSVGDefsComponent.m */ = {isa = PBXFileReference; fileEncoding = 4; lastKnownFileType = sourcecode.c.objc; path = WXSVGDefsComponent.m; sourceTree = "<group>"; };
		0A3E5EFF1E85167D00F1E5FD /* WXSVGStopComponent.h */ = {isa = PBXFileReference; fileEncoding = 4; lastKnownFileType = sourcecode.c.h; path = WXSVGStopComponent.h; sourceTree = "<group>"; };
		0A3E5F001E85167D00F1E5FD /* WXSVGStopComponent.m */ = {isa = PBXFileReference; fileEncoding = 4; lastKnownFileType = sourcecode.c.objc; path = WXSVGStopComponent.m; sourceTree = "<group>"; };
		0A9EF76B1E88EC24009E517C /* WXSVGStop.h */ = {isa = PBXFileReference; fileEncoding = 4; lastKnownFileType = sourcecode.c.h; path = WXSVGStop.h; sourceTree = "<group>"; };
		0A9EF76C1E88EC24009E517C /* WXSVGStop.m */ = {isa = PBXFileReference; fileEncoding = 4; lastKnownFileType = sourcecode.c.objc; path = WXSVGStop.m; sourceTree = "<group>"; };
		0AA1CE181E82A37100E18EB9 /* WXSVGEllipse.h */ = {isa = PBXFileReference; fileEncoding = 4; lastKnownFileType = sourcecode.c.h; path = WXSVGEllipse.h; sourceTree = "<group>"; };
		0AA1CE191E82A37100E18EB9 /* WXSVGEllipse.m */ = {isa = PBXFileReference; fileEncoding = 4; lastKnownFileType = sourcecode.c.objc; path = WXSVGEllipse.m; sourceTree = "<group>"; };
		0AA1CE1A1E82A37100E18EB9 /* WXSVGGroup.h */ = {isa = PBXFileReference; fileEncoding = 4; lastKnownFileType = sourcecode.c.h; path = WXSVGGroup.h; sourceTree = "<group>"; };
		0AA1CE1B1E82A37100E18EB9 /* WXSVGGroup.m */ = {isa = PBXFileReference; fileEncoding = 4; lastKnownFileType = sourcecode.c.objc; path = WXSVGGroup.m; sourceTree = "<group>"; };
		0AA1CE1C1E82A37100E18EB9 /* WXSVGPath.h */ = {isa = PBXFileReference; fileEncoding = 4; lastKnownFileType = sourcecode.c.h; path = WXSVGPath.h; sourceTree = "<group>"; };
		0AA1CE1D1E82A37100E18EB9 /* WXSVGPath.m */ = {isa = PBXFileReference; fileEncoding = 4; lastKnownFileType = sourcecode.c.objc; path = WXSVGPath.m; sourceTree = "<group>"; };
		0AA1CE1E1E82A37100E18EB9 /* WXSVGRect.h */ = {isa = PBXFileReference; fileEncoding = 4; lastKnownFileType = sourcecode.c.h; path = WXSVGRect.h; sourceTree = "<group>"; };
		0AA1CE1F1E82A37100E18EB9 /* WXSVGRect.m */ = {isa = PBXFileReference; fileEncoding = 4; lastKnownFileType = sourcecode.c.objc; path = WXSVGRect.m; sourceTree = "<group>"; };
		0AA1CE281E82A3CF00E18EB9 /* WXSVGLinearGradient.h */ = {isa = PBXFileReference; fileEncoding = 4; lastKnownFileType = sourcecode.c.h; path = WXSVGLinearGradient.h; sourceTree = "<group>"; };
		0AA1CE291E82A3CF00E18EB9 /* WXSVGLinearGradient.m */ = {isa = PBXFileReference; fileEncoding = 4; lastKnownFileType = sourcecode.c.objc; path = WXSVGLinearGradient.m; sourceTree = "<group>"; };
		0AA1CE2D1E82A67800E18EB9 /* WXSVGLinearGradientComponent.h */ = {isa = PBXFileReference; fileEncoding = 4; lastKnownFileType = sourcecode.c.h; path = WXSVGLinearGradientComponent.h; sourceTree = "<group>"; };
		0AA1CE2E1E82A67800E18EB9 /* WXSVGLinearGradientComponent.m */ = {isa = PBXFileReference; fileEncoding = 4; lastKnownFileType = sourcecode.c.objc; path = WXSVGLinearGradientComponent.m; sourceTree = "<group>"; };
		0AA1CE321E82A73D00E18EB9 /* NSArray+WXSVG.h */ = {isa = PBXFileReference; fileEncoding = 4; lastKnownFileType = sourcecode.c.h; path = "NSArray+WXSVG.h"; sourceTree = "<group>"; };
		0AA1CE331E82A73D00E18EB9 /* NSArray+WXSVG.m */ = {isa = PBXFileReference; fileEncoding = 4; lastKnownFileType = sourcecode.c.objc; path = "NSArray+WXSVG.m"; sourceTree = "<group>"; };
		0AA1CE341E82A73D00E18EB9 /* NSDictionary+WXSVG.h */ = {isa = PBXFileReference; fileEncoding = 4; lastKnownFileType = sourcecode.c.h; path = "NSDictionary+WXSVG.h"; sourceTree = "<group>"; };
		0AA1CE351E82A73D00E18EB9 /* NSDictionary+WXSVG.m */ = {isa = PBXFileReference; fileEncoding = 4; lastKnownFileType = sourcecode.c.objc; path = "NSDictionary+WXSVG.m"; sourceTree = "<group>"; };
		0AA1CE3C1E82AA1E00E18EB9 /* WXSVGEllipseComponent.h */ = {isa = PBXFileReference; fileEncoding = 4; lastKnownFileType = sourcecode.c.h; path = WXSVGEllipseComponent.h; sourceTree = "<group>"; };
		0AA1CE3D1E82AA1E00E18EB9 /* WXSVGEllipseComponent.m */ = {isa = PBXFileReference; fileEncoding = 4; lastKnownFileType = sourcecode.c.objc; path = WXSVGEllipseComponent.m; sourceTree = "<group>"; };
		0AA1CE3E1E82AA1E00E18EB9 /* WXSVGGroupComponent.h */ = {isa = PBXFileReference; fileEncoding = 4; lastKnownFileType = sourcecode.c.h; path = WXSVGGroupComponent.h; sourceTree = "<group>"; };
		0AA1CE3F1E82AA1E00E18EB9 /* WXSVGGroupComponent.m */ = {isa = PBXFileReference; fileEncoding = 4; lastKnownFileType = sourcecode.c.objc; path = WXSVGGroupComponent.m; sourceTree = "<group>"; };
		0AA1CE401E82AA1E00E18EB9 /* WXSVGPathComponent.h */ = {isa = PBXFileReference; fileEncoding = 4; lastKnownFileType = sourcecode.c.h; path = WXSVGPathComponent.h; sourceTree = "<group>"; };
		0AA1CE411E82AA1E00E18EB9 /* WXSVGPathComponent.m */ = {isa = PBXFileReference; fileEncoding = 4; lastKnownFileType = sourcecode.c.objc; path = WXSVGPathComponent.m; sourceTree = "<group>"; };
		0AA1CE421E82AA1E00E18EB9 /* WXSVGRectComponent.h */ = {isa = PBXFileReference; fileEncoding = 4; lastKnownFileType = sourcecode.c.h; path = WXSVGRectComponent.h; sourceTree = "<group>"; };
		0AA1CE431E82AA1E00E18EB9 /* WXSVGRectComponent.m */ = {isa = PBXFileReference; fileEncoding = 4; lastKnownFileType = sourcecode.c.objc; path = WXSVGRectComponent.m; sourceTree = "<group>"; };
		0AA1CE501E82AA8A00E18EB9 /* WXSVGRadialGradientComponent.h */ = {isa = PBXFileReference; fileEncoding = 4; lastKnownFileType = sourcecode.c.h; path = WXSVGRadialGradientComponent.h; sourceTree = "<group>"; };
		0AA1CE511E82AA8A00E18EB9 /* WXSVGRadialGradientComponent.m */ = {isa = PBXFileReference; fileEncoding = 4; lastKnownFileType = sourcecode.c.objc; path = WXSVGRadialGradientComponent.m; sourceTree = "<group>"; };
		0AA1CE551E82AAC100E18EB9 /* WXSVGRadialGradient.h */ = {isa = PBXFileReference; fileEncoding = 4; lastKnownFileType = sourcecode.c.h; path = WXSVGRadialGradient.h; sourceTree = "<group>"; };
		0AA1CE561E82AAC100E18EB9 /* WXSVGRadialGradient.m */ = {isa = PBXFileReference; fileEncoding = 4; lastKnownFileType = sourcecode.c.objc; path = WXSVGRadialGradient.m; sourceTree = "<group>"; };
		0AA988CB1E5BE84300D5E065 /* WeexSVGPlugin.framework */ = {isa = PBXFileReference; explicitFileType = wrapper.framework; includeInIndex = 0; path = WeexSVGPlugin.framework; sourceTree = BUILT_PRODUCTS_DIR; };
		0AA988CE1E5BE84300D5E065 /* WeexSVGPlugin.h */ = {isa = PBXFileReference; lastKnownFileType = sourcecode.c.h; path = WeexSVGPlugin.h; sourceTree = "<group>"; };
		0AA988CF1E5BE84300D5E065 /* Info.plist */ = {isa = PBXFileReference; lastKnownFileType = text.plist.xml; path = Info.plist; sourceTree = "<group>"; };
		0AA988D41E5BE84300D5E065 /* WeexSVGPluginTests.xctest */ = {isa = PBXFileReference; explicitFileType = wrapper.cfbundle; includeInIndex = 0; path = WeexSVGPluginTests.xctest; sourceTree = BUILT_PRODUCTS_DIR; };
		0AA988D91E5BE84300D5E065 /* WeexSVGPluginTests.m */ = {isa = PBXFileReference; lastKnownFileType = sourcecode.c.objc; path = WeexSVGPluginTests.m; sourceTree = "<group>"; };
		0AA988DB1E5BE84300D5E065 /* Info.plist */ = {isa = PBXFileReference; lastKnownFileType = text.plist.xml; path = Info.plist; sourceTree = "<group>"; };
		0AA988E71E5BE87D00D5E065 /* WXSVGBaseBrush.h */ = {isa = PBXFileReference; fileEncoding = 4; lastKnownFileType = sourcecode.c.h; path = WXSVGBaseBrush.h; sourceTree = "<group>"; };
		0AA988E81E5BE87D00D5E065 /* WXSVGBaseBrush.m */ = {isa = PBXFileReference; fileEncoding = 4; lastKnownFileType = sourcecode.c.objc; path = WXSVGBaseBrush.m; sourceTree = "<group>"; };
		0AA988E91E5BE87D00D5E065 /* WXSVGBrush.h */ = {isa = PBXFileReference; fileEncoding = 4; lastKnownFileType = sourcecode.c.h; path = WXSVGBrush.h; sourceTree = "<group>"; };
		0AA988EA1E5BE87D00D5E065 /* WXSVGBrush.m */ = {isa = PBXFileReference; fileEncoding = 4; lastKnownFileType = sourcecode.c.objc; path = WXSVGBrush.m; sourceTree = "<group>"; };
		0AA988EB1E5BE87D00D5E065 /* WXSVGBrushConverter.h */ = {isa = PBXFileReference; fileEncoding = 4; lastKnownFileType = sourcecode.c.h; path = WXSVGBrushConverter.h; sourceTree = "<group>"; };
		0AA988EC1E5BE87D00D5E065 /* WXSVGBrushConverter.m */ = {isa = PBXFileReference; fileEncoding = 4; lastKnownFileType = sourcecode.c.objc; path = WXSVGBrushConverter.m; sourceTree = "<group>"; };
		0AA988ED1E5BE87D00D5E065 /* WXSVGSolidColorBrush.h */ = {isa = PBXFileReference; fileEncoding = 4; lastKnownFileType = sourcecode.c.h; path = WXSVGSolidColorBrush.h; sourceTree = "<group>"; };
		0AA988EE1E5BE87D00D5E065 /* WXSVGSolidColorBrush.m */ = {isa = PBXFileReference; fileEncoding = 4; lastKnownFileType = sourcecode.c.objc; path = WXSVGSolidColorBrush.m; sourceTree = "<group>"; };
		0AA988F01E5BE87D00D5E065 /* WXSVGCircleComponent.h */ = {isa = PBXFileReference; fileEncoding = 4; lastKnownFileType = sourcecode.c.h; path = WXSVGCircleComponent.h; sourceTree = "<group>"; };
		0AA988F11E5BE87D00D5E065 /* WXSVGCircleComponent.m */ = {isa = PBXFileReference; fileEncoding = 4; lastKnownFileType = sourcecode.c.objc; path = WXSVGCircleComponent.m; sourceTree = "<group>"; };
		0AA988F21E5BE87D00D5E065 /* WXSVGComponent.h */ = {isa = PBXFileReference; fileEncoding = 4; lastKnownFileType = sourcecode.c.h; path = WXSVGComponent.h; sourceTree = "<group>"; };
		0AA988F31E5BE87D00D5E065 /* WXSVGComponent.m */ = {isa = PBXFileReference; fileEncoding = 4; lastKnownFileType = sourcecode.c.objc; path = WXSVGComponent.m; sourceTree = "<group>"; };
		0AA988F41E5BE87D00D5E065 /* WXSVGLineComponent.h */ = {isa = PBXFileReference; fileEncoding = 4; lastKnownFileType = sourcecode.c.h; path = WXSVGLineComponent.h; sourceTree = "<group>"; };
		0AA988F51E5BE87D00D5E065 /* WXSVGLineComponent.m */ = {isa = PBXFileReference; fileEncoding = 4; lastKnownFileType = sourcecode.c.objc; path = WXSVGLineComponent.m; sourceTree = "<group>"; };
		0AA988F61E5BE87D00D5E065 /* WXSVGNodeComponent.h */ = {isa = PBXFileReference; fileEncoding = 4; lastKnownFileType = sourcecode.c.h; path = WXSVGNodeComponent.h; sourceTree = "<group>"; };
		0AA988F71E5BE87D00D5E065 /* WXSVGNodeComponent.m */ = {isa = PBXFileReference; fileEncoding = 4; lastKnownFileType = sourcecode.c.objc; path = WXSVGNodeComponent.m; sourceTree = "<group>"; };
		0AA988F81E5BE87D00D5E065 /* WXSVGRenderableComponent.h */ = {isa = PBXFileReference; fileEncoding = 4; lastKnownFileType = sourcecode.c.h; path = WXSVGRenderableComponent.h; sourceTree = "<group>"; };
		0AA988F91E5BE87D00D5E065 /* WXSVGRenderableComponent.m */ = {isa = PBXFileReference; fileEncoding = 4; lastKnownFileType = sourcecode.c.objc; path = WXSVGRenderableComponent.m; sourceTree = "<group>"; };
		0AA988FB1E5BE87D00D5E065 /* WXConvert+WXSVG.h */ = {isa = PBXFileReference; fileEncoding = 4; lastKnownFileType = sourcecode.c.h; path = "WXConvert+WXSVG.h"; sourceTree = "<group>"; };
		0AA988FC1E5BE87D00D5E065 /* WXConvert+WXSVG.m */ = {isa = PBXFileReference; fileEncoding = 4; lastKnownFileType = sourcecode.c.objc; path = "WXConvert+WXSVG.m"; sourceTree = "<group>"; };
		0AA988FD1E5BE87D00D5E065 /* WXSVGPathParser.h */ = {isa = PBXFileReference; fileEncoding = 4; lastKnownFileType = sourcecode.c.h; path = WXSVGPathParser.h; sourceTree = "<group>"; };
		0AA988FE1E5BE87D00D5E065 /* WXSVGPathParser.m */ = {isa = PBXFileReference; fileEncoding = 4; lastKnownFileType = sourcecode.c.objc; path = WXSVGPathParser.m; sourceTree = "<group>"; };
		0AA988FF1E5BE87D00D5E065 /* WXSVGPercentageConverter.h */ = {isa = PBXFileReference; fileEncoding = 4; lastKnownFileType = sourcecode.c.h; path = WXSVGPercentageConverter.h; sourceTree = "<group>"; };
		0AA989001E5BE87D00D5E065 /* WXSVGPercentageConverter.m */ = {isa = PBXFileReference; fileEncoding = 4; lastKnownFileType = sourcecode.c.objc; path = WXSVGPercentageConverter.m; sourceTree = "<group>"; };
		0AA989021E5BE87D00D5E065 /* WXSVGCircle.h */ = {isa = PBXFileReference; fileEncoding = 4; lastKnownFileType = sourcecode.c.h; path = WXSVGCircle.h; sourceTree = "<group>"; };
		0AA989031E5BE87D00D5E065 /* WXSVGCircle.m */ = {isa = PBXFileReference; fileEncoding = 4; lastKnownFileType = sourcecode.c.objc; path = WXSVGCircle.m; sourceTree = "<group>"; };
		0AA989041E5BE87D00D5E065 /* WXSVGLine.h */ = {isa = PBXFileReference; fileEncoding = 4; lastKnownFileType = sourcecode.c.h; path = WXSVGLine.h; sourceTree = "<group>"; };
		0AA989051E5BE87D00D5E065 /* WXSVGLine.m */ = {isa = PBXFileReference; fileEncoding = 4; lastKnownFileType = sourcecode.c.objc; path = WXSVGLine.m; sourceTree = "<group>"; };
		0AA989061E5BE87D00D5E065 /* WXSVGNode.h */ = {isa = PBXFileReference; fileEncoding = 4; lastKnownFileType = sourcecode.c.h; path = WXSVGNode.h; sourceTree = "<group>"; };
		0AA989071E5BE87D00D5E065 /* WXSVGNode.m */ = {isa = PBXFileReference; fileEncoding = 4; lastKnownFileType = sourcecode.c.objc; path = WXSVGNode.m; sourceTree = "<group>"; };
		0AA989081E5BE87D00D5E065 /* WXSVGRenderable.h */ = {isa = PBXFileReference; fileEncoding = 4; lastKnownFileType = sourcecode.c.h; path = WXSVGRenderable.h; sourceTree = "<group>"; };
		0AA989091E5BE87D00D5E065 /* WXSVGRenderable.m */ = {isa = PBXFileReference; fileEncoding = 4; lastKnownFileType = sourcecode.c.objc; path = WXSVGRenderable.m; sourceTree = "<group>"; };
		0AA9890A1E5BE87D00D5E065 /* WXSVGSvgView.h */ = {isa = PBXFileReference; fileEncoding = 4; lastKnownFileType = sourcecode.c.h; path = WXSVGSvgView.h; sourceTree = "<group>"; };
		0AA9890B1E5BE87D00D5E065 /* WXSVGSvgView.m */ = {isa = PBXFileReference; fileEncoding = 4; lastKnownFileType = sourcecode.c.objc; path = WXSVGSvgView.m; sourceTree = "<group>"; };
		0AA9890C1E5BE87D00D5E065 /* WXSVGContainer.h */ = {isa = PBXFileReference; fileEncoding = 4; lastKnownFileType = sourcecode.c.h; path = WXSVGContainer.h; sourceTree = "<group>"; };
		0AAB38011E84D08600311607 /* WXSVGPolygonComponent.h */ = {isa = PBXFileReference; fileEncoding = 4; lastKnownFileType = sourcecode.c.h; path = WXSVGPolygonComponent.h; sourceTree = "<group>"; };
		0AAB38021E84D08600311607 /* WXSVGPolygonComponent.m */ = {isa = PBXFileReference; fileEncoding = 4; lastKnownFileType = sourcecode.c.objc; path = WXSVGPolygonComponent.m; sourceTree = "<group>"; };
		0AAB38061E84D0BD00311607 /* WXSVGPolygon.h */ = {isa = PBXFileReference; fileEncoding = 4; lastKnownFileType = sourcecode.c.h; path = WXSVGPolygon.h; sourceTree = "<group>"; };
		0AAB38071E84D0BD00311607 /* WXSVGPolygon.m */ = {isa = PBXFileReference; fileEncoding = 4; lastKnownFileType = sourcecode.c.objc; path = WXSVGPolygon.m; sourceTree = "<group>"; };
		0AF497011E88B0870072837A /* WXSVGDefs.h */ = {isa = PBXFileReference; fileEncoding = 4; lastKnownFileType = sourcecode.c.h; path = WXSVGDefs.h; sourceTree = "<group>"; };
		0AF497021E88B0870072837A /* WXSVGDefs.m */ = {isa = PBXFileReference; fileEncoding = 4; lastKnownFileType = sourcecode.c.objc; path = WXSVGDefs.m; sourceTree = "<group>"; };
		0D2DFB3A777123AD5D05FE41 /* libPods-WeexSVGPlugin.a */ = {isa = PBXFileReference; explicitFileType = archive.ar; includeInIndex = 0; path = "libPods-WeexSVGPlugin.a"; sourceTree = BUILT_PRODUCTS_DIR; };
		1B57E5ED37F6186C847039F2 /* Pods-WeexSVGPluginTests.debug.xcconfig */ = {isa = PBXFileReference; includeInIndex = 1; lastKnownFileType = text.xcconfig; name = "Pods-WeexSVGPluginTests.debug.xcconfig"; path = "Pods/Target Support Files/Pods-WeexSVGPluginTests/Pods-WeexSVGPluginTests.debug.xcconfig"; sourceTree = "<group>"; };
		70A530AF16CA737D2CD82583 /* libPods-WeexSVGPluginTests.a */ = {isa = PBXFileReference; explicitFileType = archive.ar; includeInIndex = 0; path = "libPods-WeexSVGPluginTests.a"; sourceTree = BUILT_PRODUCTS_DIR; };
		8B2C137B2D001DBF58B914B1 /* Pods-WeexSVGPlugin.debug.xcconfig */ = {isa = PBXFileReference; includeInIndex = 1; lastKnownFileType = text.xcconfig; name = "Pods-WeexSVGPlugin.debug.xcconfig"; path = "Pods/Target Support Files/Pods-WeexSVGPlugin/Pods-WeexSVGPlugin.debug.xcconfig"; sourceTree = "<group>"; };
		D55EB56264920428CE6BBF02 /* Pods-WeexSVGPlugin.release.xcconfig */ = {isa = PBXFileReference; includeInIndex = 1; lastKnownFileType = text.xcconfig; name = "Pods-WeexSVGPlugin.release.xcconfig"; path = "Pods/Target Support Files/Pods-WeexSVGPlugin/Pods-WeexSVGPlugin.release.xcconfig"; sourceTree = "<group>"; };
		EB2C61CBE584697D028D2693 /* Pods-WeexSVGPluginTests.release.xcconfig */ = {isa = PBXFileReference; includeInIndex = 1; lastKnownFileType = text.xcconfig; name = "Pods-WeexSVGPluginTests.release.xcconfig"; path = "Pods/Target Support Files/Pods-WeexSVGPluginTests/Pods-WeexSVGPluginTests.release.xcconfig"; sourceTree = "<group>"; };
/* End PBXFileReference section */

/* Begin PBXFrameworksBuildPhase section */
		0AA988C71E5BE84300D5E065 /* Frameworks */ = {
			isa = PBXFrameworksBuildPhase;
			buildActionMask = 2147483647;
			files = (
				34136B08F621E224CE5AADE8 /* libPods-WeexSVGPlugin.a in Frameworks */,
			);
			runOnlyForDeploymentPostprocessing = 0;
		};
		0AA988D11E5BE84300D5E065 /* Frameworks */ = {
			isa = PBXFrameworksBuildPhase;
			buildActionMask = 2147483647;
			files = (
				0AA988D51E5BE84300D5E065 /* WeexSVGPlugin.framework in Frameworks */,
				83E1FC2FA58F7DB4DDC923AB /* libPods-WeexSVGPluginTests.a in Frameworks */,
			);
			runOnlyForDeploymentPostprocessing = 0;
		};
/* End PBXFrameworksBuildPhase section */

/* Begin PBXGroup section */
		0AA988C11E5BE84300D5E065 = {
			isa = PBXGroup;
			children = (
				0AA988CD1E5BE84300D5E065 /* WeexSVGPlugin */,
				0AA988D81E5BE84300D5E065 /* WeexSVGPluginTests */,
				0AA988CC1E5BE84300D5E065 /* Products */,
				87C11ADD593D35CEF5A5B8D4 /* Pods */,
				D4A01F861583F300F12AA8F5 /* Frameworks */,
			);
			sourceTree = "<group>";
		};
		0AA988CC1E5BE84300D5E065 /* Products */ = {
			isa = PBXGroup;
			children = (
				0AA988CB1E5BE84300D5E065 /* WeexSVGPlugin.framework */,
				0AA988D41E5BE84300D5E065 /* WeexSVGPluginTests.xctest */,
			);
			name = Products;
			sourceTree = "<group>";
		};
		0AA988CD1E5BE84300D5E065 /* WeexSVGPlugin */ = {
			isa = PBXGroup;
			children = (
				0AA988E51E5BE87D00D5E065 /* Source */,
				0AA988CE1E5BE84300D5E065 /* WeexSVGPlugin.h */,
				0AA988CF1E5BE84300D5E065 /* Info.plist */,
			);
			path = WeexSVGPlugin;
			sourceTree = "<group>";
		};
		0AA988D81E5BE84300D5E065 /* WeexSVGPluginTests */ = {
			isa = PBXGroup;
			children = (
				0AA988D91E5BE84300D5E065 /* WeexSVGPluginTests.m */,
				0AA988DB1E5BE84300D5E065 /* Info.plist */,
			);
			path = WeexSVGPluginTests;
			sourceTree = "<group>";
		};
		0AA988E51E5BE87D00D5E065 /* Source */ = {
			isa = PBXGroup;
			children = (
				0AA988E61E5BE87D00D5E065 /* Brushes */,
				0AA988EF1E5BE87D00D5E065 /* Component */,
				0AA988FA1E5BE87D00D5E065 /* Utils */,
				0AA989011E5BE87D00D5E065 /* View */,
				0AA9890C1E5BE87D00D5E065 /* WXSVGContainer.h */,
			);
			path = Source;
			sourceTree = "<group>";
		};
		0AA988E61E5BE87D00D5E065 /* Brushes */ = {
			isa = PBXGroup;
			children = (
				0AA988E71E5BE87D00D5E065 /* WXSVGBaseBrush.h */,
				0AA988E81E5BE87D00D5E065 /* WXSVGBaseBrush.m */,
				0AA988E91E5BE87D00D5E065 /* WXSVGBrush.h */,
				0AA988EA1E5BE87D00D5E065 /* WXSVGBrush.m */,
				0AA988EB1E5BE87D00D5E065 /* WXSVGBrushConverter.h */,
				0AA988EC1E5BE87D00D5E065 /* WXSVGBrushConverter.m */,
				0AA988ED1E5BE87D00D5E065 /* WXSVGSolidColorBrush.h */,
				0AA988EE1E5BE87D00D5E065 /* WXSVGSolidColorBrush.m */,
			);
			path = Brushes;
			sourceTree = "<group>";
		};
		0AA988EF1E5BE87D00D5E065 /* Component */ = {
			isa = PBXGroup;
			children = (
				0AA988F01E5BE87D00D5E065 /* WXSVGCircleComponent.h */,
				0AA988F11E5BE87D00D5E065 /* WXSVGCircleComponent.m */,
				0AA988F21E5BE87D00D5E065 /* WXSVGComponent.h */,
				0AA988F31E5BE87D00D5E065 /* WXSVGComponent.m */,
				0AA988F41E5BE87D00D5E065 /* WXSVGLineComponent.h */,
				0AA988F51E5BE87D00D5E065 /* WXSVGLineComponent.m */,
				0AAB38011E84D08600311607 /* WXSVGPolygonComponent.h */,
				0AAB38021E84D08600311607 /* WXSVGPolygonComponent.m */,
				0A3E5EE91E84F82100F1E5FD /* WXSVGPolylineComponent.h */,
				0A3E5EEA1E84F82100F1E5FD /* WXSVGPolylineComponent.m */,
				0AA1CE2D1E82A67800E18EB9 /* WXSVGLinearGradientComponent.h */,
				0AA1CE2E1E82A67800E18EB9 /* WXSVGLinearGradientComponent.m */,
				0AA1CE501E82AA8A00E18EB9 /* WXSVGRadialGradientComponent.h */,
				0AA1CE511E82AA8A00E18EB9 /* WXSVGRadialGradientComponent.m */,
				0A3E5EFA1E85166300F1E5FD /* WXSVGDefsComponent.h */,
				0A3E5EFB1E85166300F1E5FD /* WXSVGDefsComponent.m */,
				0A3E5EFF1E85167D00F1E5FD /* WXSVGStopComponent.h */,
				0A3E5F001E85167D00F1E5FD /* WXSVGStopComponent.m */,
				0AA1CE3C1E82AA1E00E18EB9 /* WXSVGEllipseComponent.h */,
				0AA1CE3D1E82AA1E00E18EB9 /* WXSVGEllipseComponent.m */,
				0AA1CE3E1E82AA1E00E18EB9 /* WXSVGGroupComponent.h */,
				0AA1CE3F1E82AA1E00E18EB9 /* WXSVGGroupComponent.m */,
				0AA1CE401E82AA1E00E18EB9 /* WXSVGPathComponent.h */,
				0AA1CE411E82AA1E00E18EB9 /* WXSVGPathComponent.m */,
				0AA1CE421E82AA1E00E18EB9 /* WXSVGRectComponent.h */,
				0AA1CE431E82AA1E00E18EB9 /* WXSVGRectComponent.m */,
				0AA988F61E5BE87D00D5E065 /* WXSVGNodeComponent.h */,
				0AA988F71E5BE87D00D5E065 /* WXSVGNodeComponent.m */,
				0AA988F81E5BE87D00D5E065 /* WXSVGRenderableComponent.h */,
				0AA988F91E5BE87D00D5E065 /* WXSVGRenderableComponent.m */,
			);
			path = Component;
			sourceTree = "<group>";
		};
		0AA988FA1E5BE87D00D5E065 /* Utils */ = {
			isa = PBXGroup;
			children = (
				0AA988FB1E5BE87D00D5E065 /* WXConvert+WXSVG.h */,
				0AA988FC1E5BE87D00D5E065 /* WXConvert+WXSVG.m */,
				0AA988FD1E5BE87D00D5E065 /* WXSVGPathParser.h */,
				0AA988FE1E5BE87D00D5E065 /* WXSVGPathParser.m */,
				0AA988FF1E5BE87D00D5E065 /* WXSVGPercentageConverter.h */,
				0AA989001E5BE87D00D5E065 /* WXSVGPercentageConverter.m */,
				0AA1CE321E82A73D00E18EB9 /* NSArray+WXSVG.h */,
				0AA1CE331E82A73D00E18EB9 /* NSArray+WXSVG.m */,
				0AA1CE341E82A73D00E18EB9 /* NSDictionary+WXSVG.h */,
				0AA1CE351E82A73D00E18EB9 /* NSDictionary+WXSVG.m */,
			);
			path = Utils;
			sourceTree = "<group>";
		};
		0AA989011E5BE87D00D5E065 /* View */ = {
			isa = PBXGroup;
			children = (
				0AA989021E5BE87D00D5E065 /* WXSVGCircle.h */,
				0AA989031E5BE87D00D5E065 /* WXSVGCircle.m */,
				0AA989041E5BE87D00D5E065 /* WXSVGLine.h */,
				0AA989051E5BE87D00D5E065 /* WXSVGLine.m */,
				0AAB38061E84D0BD00311607 /* WXSVGPolygon.h */,
				0AAB38071E84D0BD00311607 /* WXSVGPolygon.m */,
				0A3E5EE41E84F66F00F1E5FD /* WXSVGPolyline.h */,
				0A3E5EE51E84F66F00F1E5FD /* WXSVGPolyline.m */,
				0AA1CE181E82A37100E18EB9 /* WXSVGEllipse.h */,
				0AA1CE191E82A37100E18EB9 /* WXSVGEllipse.m */,
				0AA1CE281E82A3CF00E18EB9 /* WXSVGLinearGradient.h */,
				0AA1CE291E82A3CF00E18EB9 /* WXSVGLinearGradient.m */,
				0AA1CE551E82AAC100E18EB9 /* WXSVGRadialGradient.h */,
				0AA1CE561E82AAC100E18EB9 /* WXSVGRadialGradient.m */,
				0AF497011E88B0870072837A /* WXSVGDefs.h */,
				0AF497021E88B0870072837A /* WXSVGDefs.m */,
				0A9EF76B1E88EC24009E517C /* WXSVGStop.h */,
				0A9EF76C1E88EC24009E517C /* WXSVGStop.m */,
				0AA1CE1A1E82A37100E18EB9 /* WXSVGGroup.h */,
				0AA1CE1B1E82A37100E18EB9 /* WXSVGGroup.m */,
				0AA1CE1C1E82A37100E18EB9 /* WXSVGPath.h */,
				0AA1CE1D1E82A37100E18EB9 /* WXSVGPath.m */,
				0AA1CE1E1E82A37100E18EB9 /* WXSVGRect.h */,
				0AA1CE1F1E82A37100E18EB9 /* WXSVGRect.m */,
				0AA989061E5BE87D00D5E065 /* WXSVGNode.h */,
				0AA989071E5BE87D00D5E065 /* WXSVGNode.m */,
				0AA989081E5BE87D00D5E065 /* WXSVGRenderable.h */,
				0AA989091E5BE87D00D5E065 /* WXSVGRenderable.m */,
				0AA9890A1E5BE87D00D5E065 /* WXSVGSvgView.h */,
				0AA9890B1E5BE87D00D5E065 /* WXSVGSvgView.m */,
			);
			path = View;
			sourceTree = "<group>";
		};
		87C11ADD593D35CEF5A5B8D4 /* Pods */ = {
			isa = PBXGroup;
			children = (
				8B2C137B2D001DBF58B914B1 /* Pods-WeexSVGPlugin.debug.xcconfig */,
				D55EB56264920428CE6BBF02 /* Pods-WeexSVGPlugin.release.xcconfig */,
				1B57E5ED37F6186C847039F2 /* Pods-WeexSVGPluginTests.debug.xcconfig */,
				EB2C61CBE584697D028D2693 /* Pods-WeexSVGPluginTests.release.xcconfig */,
			);
			name = Pods;
			sourceTree = "<group>";
		};
		D4A01F861583F300F12AA8F5 /* Frameworks */ = {
			isa = PBXGroup;
			children = (
				0D2DFB3A777123AD5D05FE41 /* libPods-WeexSVGPlugin.a */,
				70A530AF16CA737D2CD82583 /* libPods-WeexSVGPluginTests.a */,
			);
			name = Frameworks;
			sourceTree = "<group>";
		};
/* End PBXGroup section */

/* Begin PBXHeadersBuildPhase section */
		0AA988C81E5BE84300D5E065 /* Headers */ = {
			isa = PBXHeadersBuildPhase;
			buildActionMask = 2147483647;
			files = (
				0A3E5F011E85167D00F1E5FD /* WXSVGStopComponent.h in Headers */,
				0A3E5EFC1E85166300F1E5FD /* WXSVGDefsComponent.h in Headers */,
				0AA1CE521E82AA8A00E18EB9 /* WXSVGRadialGradientComponent.h in Headers */,
				0AA1CE441E82AA1E00E18EB9 /* WXSVGEllipseComponent.h in Headers */,
				0AA1CE4D1E82AA1E00E18EB9 /* WXSVGRectComponent.h in Headers */,
				0AA1CE4A1E82AA1E00E18EB9 /* WXSVGPathComponent.h in Headers */,
				0AA1CE2F1E82A67800E18EB9 /* WXSVGLinearGradientComponent.h in Headers */,
				0A3E5EEB1E84F82100F1E5FD /* WXSVGPolylineComponent.h in Headers */,
				0AAB38031E84D08600311607 /* WXSVGPolygonComponent.h in Headers */,
				0AA989191E5BE87D00D5E065 /* WXSVGLineComponent.h in Headers */,
				0AA989251E5BE87D00D5E065 /* WXSVGCircle.h in Headers */,
				0AA989171E5BE87D00D5E065 /* WXSVGComponent.h in Headers */,
				0AA989151E5BE87D00D5E065 /* WXSVGCircleComponent.h in Headers */,
				0AA1CE571E82AAC100E18EB9 /* WXSVGRadialGradient.h in Headers */,
				0AAB38081E84D0BD00311607 /* WXSVGPolygon.h in Headers */,
				0AA9891D1E5BE87D00D5E065 /* WXSVGRenderableComponent.h in Headers */,
				0AA9891F1E5BE87D00D5E065 /* WXConvert+WXSVG.h in Headers */,
				0AA9890D1E5BE87D00D5E065 /* WXSVGBaseBrush.h in Headers */,
				0AF497031E88B0870072837A /* WXSVGDefs.h in Headers */,
				0AA1CE471E82AA1E00E18EB9 /* WXSVGGroupComponent.h in Headers */,
				0AA989131E5BE87D00D5E065 /* WXSVGSolidColorBrush.h in Headers */,
				0AA1CE221E82A37100E18EB9 /* WXSVGGroup.h in Headers */,
				0AA989291E5BE87D00D5E065 /* WXSVGNode.h in Headers */,
				0AA988DC1E5BE84300D5E065 /* WeexSVGPlugin.h in Headers */,
				0AA989271E5BE87D00D5E065 /* WXSVGLine.h in Headers */,
				0AA9892F1E5BE87D00D5E065 /* WXSVGContainer.h in Headers */,
				0AA1CE2A1E82A3CF00E18EB9 /* WXSVGLinearGradient.h in Headers */,
				0AA9892B1E5BE87D00D5E065 /* WXSVGRenderable.h in Headers */,
				0AA1CE361E82A73D00E18EB9 /* NSArray+WXSVG.h in Headers */,
				0AA1CE261E82A37100E18EB9 /* WXSVGRect.h in Headers */,
				0AA9892D1E5BE87D00D5E065 /* WXSVGSvgView.h in Headers */,
				0AA1CE241E82A37100E18EB9 /* WXSVGPath.h in Headers */,
				0AA1CE391E82A73D00E18EB9 /* NSDictionary+WXSVG.h in Headers */,
				0AA989231E5BE87D00D5E065 /* WXSVGPercentageConverter.h in Headers */,
				0AA1CE201E82A37100E18EB9 /* WXSVGEllipse.h in Headers */,
				0AA989211E5BE87D00D5E065 /* WXSVGPathParser.h in Headers */,
				0A3E5EE61E84F66F00F1E5FD /* WXSVGPolyline.h in Headers */,
				0A9EF76D1E88EC24009E517C /* WXSVGStop.h in Headers */,
				0AA989111E5BE87D00D5E065 /* WXSVGBrushConverter.h in Headers */,
				0AA9890F1E5BE87D00D5E065 /* WXSVGBrush.h in Headers */,
				0AA9891B1E5BE87D00D5E065 /* WXSVGNodeComponent.h in Headers */,
			);
			runOnlyForDeploymentPostprocessing = 0;
		};
/* End PBXHeadersBuildPhase section */

/* Begin PBXNativeTarget section */
		0AA988CA1E5BE84300D5E065 /* WeexSVGPlugin */ = {
			isa = PBXNativeTarget;
			buildConfigurationList = 0AA988DF1E5BE84300D5E065 /* Build configuration list for PBXNativeTarget "WeexSVGPlugin" */;
			buildPhases = (
				1998BDF1B06FE320336BDB5E /* [CP] Check Pods Manifest.lock */,
				0AA988C61E5BE84300D5E065 /* Sources */,
				0AA988C71E5BE84300D5E065 /* Frameworks */,
				0AA988C81E5BE84300D5E065 /* Headers */,
				0AA988C91E5BE84300D5E065 /* Resources */,
				EAC38CCD4E65C91C9FF8D415 /* [CP] Copy Pods Resources */,
			);
			buildRules = (
			);
			dependencies = (
			);
			name = WeexSVGPlugin;
			productName = WeexSVGPlugin;
			productReference = 0AA988CB1E5BE84300D5E065 /* WeexSVGPlugin.framework */;
			productType = "com.apple.product-type.framework";
		};
		0AA988D31E5BE84300D5E065 /* WeexSVGPluginTests */ = {
			isa = PBXNativeTarget;
			buildConfigurationList = 0AA988E21E5BE84300D5E065 /* Build configuration list for PBXNativeTarget "WeexSVGPluginTests" */;
			buildPhases = (
				8B161B67CD7D4731F9729216 /* [CP] Check Pods Manifest.lock */,
				0AA988D01E5BE84300D5E065 /* Sources */,
				0AA988D11E5BE84300D5E065 /* Frameworks */,
				0AA988D21E5BE84300D5E065 /* Resources */,
				5C397968DB32396E396FDF4A /* [CP] Embed Pods Frameworks */,
				B69F84D84791B8829E9E4E02 /* [CP] Copy Pods Resources */,
			);
			buildRules = (
			);
			dependencies = (
				0AA988D71E5BE84300D5E065 /* PBXTargetDependency */,
			);
			name = WeexSVGPluginTests;
			productName = WeexSVGPluginTests;
			productReference = 0AA988D41E5BE84300D5E065 /* WeexSVGPluginTests.xctest */;
			productType = "com.apple.product-type.bundle.unit-test";
		};
/* End PBXNativeTarget section */

/* Begin PBXProject section */
		0AA988C21E5BE84300D5E065 /* Project object */ = {
			isa = PBXProject;
			attributes = {
				LastUpgradeCheck = 0820;
				ORGANIZATIONNAME = Taobao;
				TargetAttributes = {
					0A8FDA6D1E8A15DB00A6E2C1 = {
						CreatedOnToolsVersion = 8.2.1;
						ProvisioningStyle = Automatic;
					};
					0AA988CA1E5BE84300D5E065 = {
						CreatedOnToolsVersion = 8.2.1;
						ProvisioningStyle = Manual;
					};
					0AA988D31E5BE84300D5E065 = {
						CreatedOnToolsVersion = 8.2.1;
						ProvisioningStyle = Automatic;
					};
				};
			};
			buildConfigurationList = 0AA988C51E5BE84300D5E065 /* Build configuration list for PBXProject "WeexSVGPlugin" */;
			compatibilityVersion = "Xcode 3.2";
			developmentRegion = English;
			hasScannedForEncodings = 0;
			knownRegions = (
				en,
			);
			mainGroup = 0AA988C11E5BE84300D5E065;
			productRefGroup = 0AA988CC1E5BE84300D5E065 /* Products */;
			projectDirPath = "";
			projectRoot = "";
			targets = (
				0AA988CA1E5BE84300D5E065 /* WeexSVGPlugin */,
				0AA988D31E5BE84300D5E065 /* WeexSVGPluginTests */,
				0A8FDA6D1E8A15DB00A6E2C1 /* Weexplugin-package */,
			);
		};
/* End PBXProject section */

/* Begin PBXResourcesBuildPhase section */
		0AA988C91E5BE84300D5E065 /* Resources */ = {
			isa = PBXResourcesBuildPhase;
			buildActionMask = 2147483647;
			files = (
			);
			runOnlyForDeploymentPostprocessing = 0;
		};
		0AA988D21E5BE84300D5E065 /* Resources */ = {
			isa = PBXResourcesBuildPhase;
			buildActionMask = 2147483647;
			files = (
			);
			runOnlyForDeploymentPostprocessing = 0;
		};
/* End PBXResourcesBuildPhase section */

/* Begin PBXShellScriptBuildPhase section */
		0A8FDA711E8A164800A6E2C1 /* ShellScript */ = {
			isa = PBXShellScriptBuildPhase;
			buildActionMask = 2147483647;
			files = (
			);
			inputPaths = (
			);
			outputPaths = (
			);
			runOnlyForDeploymentPostprocessing = 0;
			shellPath = /bin/sh;
			shellScript = "#!/bin/sh\n#要build的target名\nTARGET_NAME=${PROJECT_NAME}\nif [[ $1 ]]\nthen\nTARGET_NAME=$1\nfi\nUNIVERSAL_OUTPUT_FOLDER=\"${SRCROOT}/${PROJECT_NAME}_Products/\"\nbuild_workspace=\"${SRCROOT}/${PROJECT_NAME}.xcworkspace\"\n\n#创建输出目录，并删除之前的framework文件\nmkdir -p \"${UNIVERSAL_OUTPUT_FOLDER}\"\nrm -rf \"${UNIVERSAL_OUTPUT_FOLDER}/${TARGET_NAME}.framework\"\n\n#分别编译模拟器和真机的Framework\n# xcodebuild -target \"${TARGET_NAME}\" ONLY_ACTIVE_ARCH=NO -configuration ${CONFIGURATION} -sdk iphoneos BUILD_DIR=\"${BUILD_DIR}\" BUILD_ROOT=\"${BUILD_ROOT}\" clean build\n# xcodebuild -target \"${TARGET_NAME}\" ONLY_ACTIVE_ARCH=NO -configuration ${CONFIGURATION} -sdk iphonesimulator BUILD_DIR=\"${BUILD_DIR}\" BUILD_ROOT=\"${BUILD_ROOT}\" clean build\nxcodebuild -workspace \"${build_workspace}\" -scheme \"${TARGET_NAME}\" ONLY_ACTIVE_ARCH=NO -configuration ${CONFIGURATION} -sdk iphoneos BUILD_DIR=\"${BUILD_DIR}\" BUILD_ROOT=\"${BUILD_ROOT}\" clean build\nxcodebuild -workspace \"${build_workspace}\" -scheme \"${TARGET_NAME}\" ONLY_ACTIVE_ARCH=NO -configuration ${CONFIGURATION} -sdk iphonesimulator BUILD_DIR=\"${BUILD_DIR}\" BUILD_ROOT=\"${BUILD_ROOT}\" clean build\n\n#拷贝framework到univer目录\ncp -R \"${BUILD_DIR}/${CONFIGURATION}-iphonesimulator/${TARGET_NAME}.framework\" \"${UNIVERSAL_OUTPUT_FOLDER}\"\n\n#合并framework，输出最终的framework到build目录\nlipo -create -output \"${UNIVERSAL_OUTPUT_FOLDER}/${TARGET_NAME}.framework/${TARGET_NAME}\" \"${BUILD_DIR}/${CONFIGURATION}-iphonesimulator/${TARGET_NAME}.framework/${TARGET_NAME}\" \"${BUILD_DIR}/${CONFIGURATION}-iphoneos/${TARGET_NAME}.framework/${TARGET_NAME}\"\n\n#删除编译之后生成的无关的配置文件\ndir_path=\"${UNIVERSAL_OUTPUT_FOLDER}/${TARGET_NAME}.framework/\"\nfor file in ls $dir_path\ndo\nif [[ ${file} =~ \".xcconfig\" ]]\nthen\nrm -f \"${dir_path}/${file}\"\nfi\ndone\n#判断build文件夹是否存在，存在则删除\nif [ -d \"${SRCROOT}/build\" ]\nthen\nrm -rf \"${SRCROOT}/build\"\nfi\nrm -rf \"${BUILD_DIR}/${CONFIGURATION}-iphonesimulator\" \"${BUILD_DIR}/${CONFIGURATION}-iphoneos\"\n#删除依赖类库中的resource文件\nset -e\n\nFMK_NAME_PATH=${UNIVERSAL_OUTPUT_FOLDER}/${TARGET_NAME}.framework/\n\nMAIN=\"main\"\n\nMAIN_JS=${FMK_NAME_PATH}/${MAIN}.js\n\nif [ -e \"$MAIN_JS\" ]; then\nrm \"$MAIN_JS\"\nfi\n\nRESOURCE=\"Resources\"\nRESOURCE_DIR=${FMK_NAME_PATH}/$RESOURCE\nif [ -d \"$RESOURCE_DIR\" ]; then\nrm -rf \"$RESOURCE_DIR\"\nfi\n\nfor pngFile in ${FMK_NAME_PATH}/*; do\n                                if [[ $pngFile =~ (.*)png ]]; then\n                                rm \"$pngFile\"\n                                break;\n                                fi\n                                done\n                                \n                                #打开合并后的文件夹\n                                open \"${UNIVERSAL_OUTPUT_FOLDER}\"";
		};
		1998BDF1B06FE320336BDB5E /* [CP] Check Pods Manifest.lock */ = {
			isa = PBXShellScriptBuildPhase;
			buildActionMask = 2147483647;
			files = (
			);
			inputPaths = (
			);
			name = "[CP] Check Pods Manifest.lock";
			outputPaths = (
			);
			runOnlyForDeploymentPostprocessing = 0;
			shellPath = /bin/sh;
			shellScript = "diff \"${PODS_ROOT}/../Podfile.lock\" \"${PODS_ROOT}/Manifest.lock\" > /dev/null\nif [ $? != 0 ] ; then\n    # print error to STDERR\n    echo \"error: The sandbox is not in sync with the Podfile.lock. Run 'pod install' or update your CocoaPods installation.\" >&2\n    exit 1\nfi\n";
			showEnvVarsInLog = 0;
		};
		5C397968DB32396E396FDF4A /* [CP] Embed Pods Frameworks */ = {
			isa = PBXShellScriptBuildPhase;
			buildActionMask = 2147483647;
			files = (
			);
			inputPaths = (
			);
			name = "[CP] Embed Pods Frameworks";
			outputPaths = (
			);
			runOnlyForDeploymentPostprocessing = 0;
			shellPath = /bin/sh;
			shellScript = "\"${SRCROOT}/Pods/Target Support Files/Pods-WeexSVGPluginTests/Pods-WeexSVGPluginTests-frameworks.sh\"\n";
			showEnvVarsInLog = 0;
		};
		8B161B67CD7D4731F9729216 /* [CP] Check Pods Manifest.lock */ = {
			isa = PBXShellScriptBuildPhase;
			buildActionMask = 2147483647;
			files = (
			);
			inputPaths = (
			);
			name = "[CP] Check Pods Manifest.lock";
			outputPaths = (
			);
			runOnlyForDeploymentPostprocessing = 0;
			shellPath = /bin/sh;
			shellScript = "diff \"${PODS_ROOT}/../Podfile.lock\" \"${PODS_ROOT}/Manifest.lock\" > /dev/null\nif [ $? != 0 ] ; then\n    # print error to STDERR\n    echo \"error: The sandbox is not in sync with the Podfile.lock. Run 'pod install' or update your CocoaPods installation.\" >&2\n    exit 1\nfi\n";
			showEnvVarsInLog = 0;
		};
		B69F84D84791B8829E9E4E02 /* [CP] Copy Pods Resources */ = {
			isa = PBXShellScriptBuildPhase;
			buildActionMask = 2147483647;
			files = (
			);
			inputPaths = (
			);
			name = "[CP] Copy Pods Resources";
			outputPaths = (
			);
			runOnlyForDeploymentPostprocessing = 0;
			shellPath = /bin/sh;
			shellScript = "\"${SRCROOT}/Pods/Target Support Files/Pods-WeexSVGPluginTests/Pods-WeexSVGPluginTests-resources.sh\"\n";
			showEnvVarsInLog = 0;
		};
		EAC38CCD4E65C91C9FF8D415 /* [CP] Copy Pods Resources */ = {
			isa = PBXShellScriptBuildPhase;
			buildActionMask = 2147483647;
			files = (
			);
			inputPaths = (
			);
			name = "[CP] Copy Pods Resources";
			outputPaths = (
			);
			runOnlyForDeploymentPostprocessing = 0;
			shellPath = /bin/sh;
			shellScript = "\"${SRCROOT}/Pods/Target Support Files/Pods-WeexSVGPlugin/Pods-WeexSVGPlugin-resources.sh\"\n";
			showEnvVarsInLog = 0;
		};
/* End PBXShellScriptBuildPhase section */

/* Begin PBXSourcesBuildPhase section */
		0AA988C61E5BE84300D5E065 /* Sources */ = {
			isa = PBXSourcesBuildPhase;
			buildActionMask = 2147483647;
			files = (
				0AA989201E5BE87D00D5E065 /* WXConvert+WXSVG.m in Sources */,
				0AF497041E88B0870072837A /* WXSVGDefs.m in Sources */,
				0A3E5EE71E84F66F00F1E5FD /* WXSVGPolyline.m in Sources */,
				0AA9892E1E5BE87D00D5E065 /* WXSVGSvgView.m in Sources */,
				0AA1CE4B1E82AA1E00E18EB9 /* WXSVGPathComponent.m in Sources */,
				0AA1CE251E82A37100E18EB9 /* WXSVGPath.m in Sources */,
				0AAB38091E84D0BD00311607 /* WXSVGPolygon.m in Sources */,
				0AA989101E5BE87D00D5E065 /* WXSVGBrush.m in Sources */,
				0A3E5F021E85167D00F1E5FD /* WXSVGStopComponent.m in Sources */,
				0AA1CE4E1E82AA1E00E18EB9 /* WXSVGRectComponent.m in Sources */,
				0AA989121E5BE87D00D5E065 /* WXSVGBrushConverter.m in Sources */,
				0AA989161E5BE87D00D5E065 /* WXSVGCircleComponent.m in Sources */,
				0AA1CE481E82AA1E00E18EB9 /* WXSVGGroupComponent.m in Sources */,
				0AA1CE3A1E82A73D00E18EB9 /* NSDictionary+WXSVG.m in Sources */,
				0AA989261E5BE87D00D5E065 /* WXSVGCircle.m in Sources */,
				0AA989181E5BE87D00D5E065 /* WXSVGComponent.m in Sources */,
				0A9EF76E1E88EC24009E517C /* WXSVGStop.m in Sources */,
				0AAB38041E84D08600311607 /* WXSVGPolygonComponent.m in Sources */,
				0AA1CE231E82A37100E18EB9 /* WXSVGGroup.m in Sources */,
				0AA9891A1E5BE87D00D5E065 /* WXSVGLineComponent.m in Sources */,
				0AA9892A1E5BE87D00D5E065 /* WXSVGNode.m in Sources */,
				0AA989241E5BE87D00D5E065 /* WXSVGPercentageConverter.m in Sources */,
				0A3E5EFD1E85166300F1E5FD /* WXSVGDefsComponent.m in Sources */,
				0AA989141E5BE87D00D5E065 /* WXSVGSolidColorBrush.m in Sources */,
				0AA9891E1E5BE87D00D5E065 /* WXSVGRenderableComponent.m in Sources */,
				0AA1CE531E82AA8A00E18EB9 /* WXSVGRadialGradientComponent.m in Sources */,
				0AA1CE2B1E82A3CF00E18EB9 /* WXSVGLinearGradient.m in Sources */,
				0AA1CE211E82A37100E18EB9 /* WXSVGEllipse.m in Sources */,
				0AA989221E5BE87D00D5E065 /* WXSVGPathParser.m in Sources */,
				0AA989281E5BE87D00D5E065 /* WXSVGLine.m in Sources */,
				0AA1CE301E82A67800E18EB9 /* WXSVGLinearGradientComponent.m in Sources */,
				0A3E5EEC1E84F82100F1E5FD /* WXSVGPolylineComponent.m in Sources */,
				0AA1CE451E82AA1E00E18EB9 /* WXSVGEllipseComponent.m in Sources */,
				0AA1CE581E82AAC100E18EB9 /* WXSVGRadialGradient.m in Sources */,
				0AA9890E1E5BE87D00D5E065 /* WXSVGBaseBrush.m in Sources */,
				0AA1CE371E82A73D00E18EB9 /* NSArray+WXSVG.m in Sources */,
				0AA9891C1E5BE87D00D5E065 /* WXSVGNodeComponent.m in Sources */,
				0AA9892C1E5BE87D00D5E065 /* WXSVGRenderable.m in Sources */,
				0AA1CE271E82A37100E18EB9 /* WXSVGRect.m in Sources */,
			);
			runOnlyForDeploymentPostprocessing = 0;
		};
		0AA988D01E5BE84300D5E065 /* Sources */ = {
			isa = PBXSourcesBuildPhase;
			buildActionMask = 2147483647;
			files = (
				0AAB380A1E84D0BD00311607 /* WXSVGPolygon.m in Sources */,
				0A9EF76F1E88EC24009E517C /* WXSVGStop.m in Sources */,
				0AF497051E88B0870072837A /* WXSVGDefs.m in Sources */,
				0AA1CE4F1E82AA1E00E18EB9 /* WXSVGRectComponent.m in Sources */,
				0AA1CE461E82AA1E00E18EB9 /* WXSVGEllipseComponent.m in Sources */,
				0A3E5F031E85167D00F1E5FD /* WXSVGStopComponent.m in Sources */,
				0A3E5EE81E84F66F00F1E5FD /* WXSVGPolyline.m in Sources */,
				0AA1CE381E82A73D00E18EB9 /* NSArray+WXSVG.m in Sources */,
				0AA1CE3B1E82A73D00E18EB9 /* NSDictionary+WXSVG.m in Sources */,
				0AA1CE311E82A67800E18EB9 /* WXSVGLinearGradientComponent.m in Sources */,
				0A3E5EFE1E85166300F1E5FD /* WXSVGDefsComponent.m in Sources */,
				0A3E5EED1E84F82100F1E5FD /* WXSVGPolylineComponent.m in Sources */,
				0AA1CE2C1E82A3CF00E18EB9 /* WXSVGLinearGradient.m in Sources */,
				0AA1CE591E82AAC100E18EB9 /* WXSVGRadialGradient.m in Sources */,
				0AA988DA1E5BE84300D5E065 /* WeexSVGPluginTests.m in Sources */,
				0AAB38051E84D08600311607 /* WXSVGPolygonComponent.m in Sources */,
				0AA1CE4C1E82AA1E00E18EB9 /* WXSVGPathComponent.m in Sources */,
				0AA1CE541E82AA8A00E18EB9 /* WXSVGRadialGradientComponent.m in Sources */,
				0AA1CE491E82AA1E00E18EB9 /* WXSVGGroupComponent.m in Sources */,
			);
			runOnlyForDeploymentPostprocessing = 0;
		};
/* End PBXSourcesBuildPhase section */

/* Begin PBXTargetDependency section */
		0AA988D71E5BE84300D5E065 /* PBXTargetDependency */ = {
			isa = PBXTargetDependency;
			target = 0AA988CA1E5BE84300D5E065 /* WeexSVGPlugin */;
			targetProxy = 0AA988D61E5BE84300D5E065 /* PBXContainerItemProxy */;
		};
/* End PBXTargetDependency section */

/* Begin XCBuildConfiguration section */
		0A8FDA6E1E8A15DB00A6E2C1 /* Debug */ = {
			isa = XCBuildConfiguration;
			buildSettings = {
				MACH_O_TYPE = staticlib;
				PRODUCT_NAME = "$(TARGET_NAME)";
			};
			name = Debug;
		};
		0A8FDA6F1E8A15DB00A6E2C1 /* Release */ = {
			isa = XCBuildConfiguration;
			buildSettings = {
				MACH_O_TYPE = staticlib;
				PRODUCT_NAME = "$(TARGET_NAME)";
			};
			name = Release;
		};
		0AA988DD1E5BE84300D5E065 /* Debug */ = {
			isa = XCBuildConfiguration;
			buildSettings = {
				ALWAYS_SEARCH_USER_PATHS = NO;
				CLANG_ANALYZER_NONNULL = YES;
				CLANG_CXX_LANGUAGE_STANDARD = "gnu++0x";
				CLANG_CXX_LIBRARY = "libc++";
				CLANG_ENABLE_MODULES = YES;
				CLANG_ENABLE_OBJC_ARC = YES;
				CLANG_WARN_BOOL_CONVERSION = YES;
				CLANG_WARN_CONSTANT_CONVERSION = YES;
				CLANG_WARN_DIRECT_OBJC_ISA_USAGE = YES_ERROR;
				CLANG_WARN_DOCUMENTATION_COMMENTS = YES;
				CLANG_WARN_EMPTY_BODY = YES;
				CLANG_WARN_ENUM_CONVERSION = YES;
				CLANG_WARN_INFINITE_RECURSION = YES;
				CLANG_WARN_INT_CONVERSION = YES;
				CLANG_WARN_OBJC_ROOT_CLASS = YES_ERROR;
				CLANG_WARN_SUSPICIOUS_MOVE = YES;
				CLANG_WARN_UNREACHABLE_CODE = YES;
				CLANG_WARN__DUPLICATE_METHOD_MATCH = YES;
				"CODE_SIGN_IDENTITY[sdk=iphoneos*]" = "iPhone Developer";
				COPY_PHASE_STRIP = NO;
				CURRENT_PROJECT_VERSION = 1;
				DEBUG_INFORMATION_FORMAT = dwarf;
				ENABLE_STRICT_OBJC_MSGSEND = YES;
				ENABLE_TESTABILITY = YES;
				GCC_C_LANGUAGE_STANDARD = gnu99;
				GCC_DYNAMIC_NO_PIC = NO;
				GCC_NO_COMMON_BLOCKS = YES;
				GCC_OPTIMIZATION_LEVEL = 0;
				GCC_PREPROCESSOR_DEFINITIONS = (
					"DEBUG=1",
					"$(inherited)",
				);
				GCC_WARN_64_TO_32_BIT_CONVERSION = YES;
				GCC_WARN_ABOUT_RETURN_TYPE = YES_ERROR;
				GCC_WARN_UNDECLARED_SELECTOR = YES;
				GCC_WARN_UNINITIALIZED_AUTOS = YES_AGGRESSIVE;
				GCC_WARN_UNUSED_FUNCTION = YES;
				GCC_WARN_UNUSED_VARIABLE = YES;
				IPHONEOS_DEPLOYMENT_TARGET = 10.2;
				MTL_ENABLE_DEBUG_INFO = YES;
				ONLY_ACTIVE_ARCH = YES;
				SDKROOT = iphoneos;
				TARGETED_DEVICE_FAMILY = "1,2";
				VERSIONING_SYSTEM = "apple-generic";
				VERSION_INFO_PREFIX = "";
			};
			name = Debug;
		};
		0AA988DE1E5BE84300D5E065 /* Release */ = {
			isa = XCBuildConfiguration;
			buildSettings = {
				ALWAYS_SEARCH_USER_PATHS = NO;
				CLANG_ANALYZER_NONNULL = YES;
				CLANG_CXX_LANGUAGE_STANDARD = "gnu++0x";
				CLANG_CXX_LIBRARY = "libc++";
				CLANG_ENABLE_MODULES = YES;
				CLANG_ENABLE_OBJC_ARC = YES;
				CLANG_WARN_BOOL_CONVERSION = YES;
				CLANG_WARN_CONSTANT_CONVERSION = YES;
				CLANG_WARN_DIRECT_OBJC_ISA_USAGE = YES_ERROR;
				CLANG_WARN_DOCUMENTATION_COMMENTS = YES;
				CLANG_WARN_EMPTY_BODY = YES;
				CLANG_WARN_ENUM_CONVERSION = YES;
				CLANG_WARN_INFINITE_RECURSION = YES;
				CLANG_WARN_INT_CONVERSION = YES;
				CLANG_WARN_OBJC_ROOT_CLASS = YES_ERROR;
				CLANG_WARN_SUSPICIOUS_MOVE = YES;
				CLANG_WARN_UNREACHABLE_CODE = YES;
				CLANG_WARN__DUPLICATE_METHOD_MATCH = YES;
				"CODE_SIGN_IDENTITY[sdk=iphoneos*]" = "iPhone Developer";
				COPY_PHASE_STRIP = NO;
				CURRENT_PROJECT_VERSION = 1;
				DEBUG_INFORMATION_FORMAT = "dwarf-with-dsym";
				ENABLE_NS_ASSERTIONS = NO;
				ENABLE_STRICT_OBJC_MSGSEND = YES;
				GCC_C_LANGUAGE_STANDARD = gnu99;
				GCC_NO_COMMON_BLOCKS = YES;
				GCC_WARN_64_TO_32_BIT_CONVERSION = YES;
				GCC_WARN_ABOUT_RETURN_TYPE = YES_ERROR;
				GCC_WARN_UNDECLARED_SELECTOR = YES;
				GCC_WARN_UNINITIALIZED_AUTOS = YES_AGGRESSIVE;
				GCC_WARN_UNUSED_FUNCTION = YES;
				GCC_WARN_UNUSED_VARIABLE = YES;
				IPHONEOS_DEPLOYMENT_TARGET = 10.2;
				MTL_ENABLE_DEBUG_INFO = NO;
				SDKROOT = iphoneos;
				TARGETED_DEVICE_FAMILY = "1,2";
				VALIDATE_PRODUCT = YES;
				VERSIONING_SYSTEM = "apple-generic";
				VERSION_INFO_PREFIX = "";
			};
			name = Release;
		};
		0AA988E01E5BE84300D5E065 /* Debug */ = {
			isa = XCBuildConfiguration;
			baseConfigurationReference = 8B2C137B2D001DBF58B914B1 /* Pods-WeexSVGPlugin.debug.xcconfig */;
			buildSettings = {
				CLANG_WARN_DOCUMENTATION_COMMENTS = NO;
				CODE_SIGN_IDENTITY = "iPhone Developer";
				DEFINES_MODULE = YES;
				DEVELOPMENT_TEAM = "";
				DYLIB_COMPATIBILITY_VERSION = 1;
				DYLIB_CURRENT_VERSION = 1;
				DYLIB_INSTALL_NAME_BASE = "@rpath";
				INFOPLIST_FILE = WeexSVGPlugin/Info.plist;
				INSTALL_PATH = "$(LOCAL_LIBRARY_DIR)/Frameworks";
				IPHONEOS_DEPLOYMENT_TARGET = 7.0;
				LD_RUNPATH_SEARCH_PATHS = "$(inherited) @executable_path/Frameworks @loader_path/Frameworks";
				MACH_O_TYPE = staticlib;
				PRODUCT_BUNDLE_IDENTIFIER = com.taobao.WeexSVGPlugin.WeexSVGPlugin;
				PRODUCT_NAME = "$(TARGET_NAME)";
				SKIP_INSTALL = YES;
			};
			name = Debug;
		};
		0AA988E11E5BE84300D5E065 /* Release */ = {
			isa = XCBuildConfiguration;
			baseConfigurationReference = D55EB56264920428CE6BBF02 /* Pods-WeexSVGPlugin.release.xcconfig */;
			buildSettings = {
				CLANG_WARN_DOCUMENTATION_COMMENTS = NO;
				CODE_SIGN_IDENTITY = "iPhone Developer";
				DEFINES_MODULE = YES;
				DEVELOPMENT_TEAM = "";
				DYLIB_COMPATIBILITY_VERSION = 1;
				DYLIB_CURRENT_VERSION = 1;
				DYLIB_INSTALL_NAME_BASE = "@rpath";
				INFOPLIST_FILE = WeexSVGPlugin/Info.plist;
				INSTALL_PATH = "$(LOCAL_LIBRARY_DIR)/Frameworks";
				IPHONEOS_DEPLOYMENT_TARGET = 7.0;
				LD_RUNPATH_SEARCH_PATHS = "$(inherited) @executable_path/Frameworks @loader_path/Frameworks";
				MACH_O_TYPE = staticlib;
				PRODUCT_BUNDLE_IDENTIFIER = com.taobao.WeexSVGPlugin.WeexSVGPlugin;
				PRODUCT_NAME = "$(TARGET_NAME)";
				SKIP_INSTALL = YES;
			};
			name = Release;
		};
		0AA988E31E5BE84300D5E065 /* Debug */ = {
			isa = XCBuildConfiguration;
			baseConfigurationReference = 1B57E5ED37F6186C847039F2 /* Pods-WeexSVGPluginTests.debug.xcconfig */;
			buildSettings = {
				INFOPLIST_FILE = WeexSVGPluginTests/Info.plist;
				LD_RUNPATH_SEARCH_PATHS = "$(inherited) @executable_path/Frameworks @loader_path/Frameworks";
				PRODUCT_BUNDLE_IDENTIFIER = com.taobao.WeexSVGPlugin.WeexSVGPluginTests;
				PRODUCT_NAME = "$(TARGET_NAME)";
			};
			name = Debug;
		};
		0AA988E41E5BE84300D5E065 /* Release */ = {
			isa = XCBuildConfiguration;
			baseConfigurationReference = EB2C61CBE584697D028D2693 /* Pods-WeexSVGPluginTests.release.xcconfig */;
			buildSettings = {
				INFOPLIST_FILE = WeexSVGPluginTests/Info.plist;
				LD_RUNPATH_SEARCH_PATHS = "$(inherited) @executable_path/Frameworks @loader_path/Frameworks";
				PRODUCT_BUNDLE_IDENTIFIER = com.taobao.WeexSVGPlugin.WeexSVGPluginTests;
				PRODUCT_NAME = "$(TARGET_NAME)";
			};
			name = Release;
		};
/* End XCBuildConfiguration section */

/* Begin XCConfigurationList section */
		0A8FDA701E8A15DB00A6E2C1 /* Build configuration list for PBXAggregateTarget "Weexplugin-package" */ = {
			isa = XCConfigurationList;
			buildConfigurations = (
				0A8FDA6E1E8A15DB00A6E2C1 /* Debug */,
				0A8FDA6F1E8A15DB00A6E2C1 /* Release */,
			);
			defaultConfigurationIsVisible = 0;
			defaultConfigurationName = Release;
		};
		0AA988C51E5BE84300D5E065 /* Build configuration list for PBXProject "WeexSVGPlugin" */ = {
			isa = XCConfigurationList;
			buildConfigurations = (
				0AA988DD1E5BE84300D5E065 /* Debug */,
				0AA988DE1E5BE84300D5E065 /* Release */,
			);
			defaultConfigurationIsVisible = 0;
			defaultConfigurationName = Release;
		};
		0AA988DF1E5BE84300D5E065 /* Build configuration list for PBXNativeTarget "WeexSVGPlugin" */ = {
			isa = XCConfigurationList;
			buildConfigurations = (
				0AA988E01E5BE84300D5E065 /* Debug */,
				0AA988E11E5BE84300D5E065 /* Release */,
			);
			defaultConfigurationIsVisible = 0;
			defaultConfigurationName = Release;
		};
		0AA988E21E5BE84300D5E065 /* Build configuration list for PBXNativeTarget "WeexSVGPluginTests" */ = {
			isa = XCConfigurationList;
			buildConfigurations = (
				0AA988E31E5BE84300D5E065 /* Debug */,
				0AA988E41E5BE84300D5E065 /* Release */,
			);
			defaultConfigurationIsVisible = 0;
			defaultConfigurationName = Release;
		};
/* End XCConfigurationList section */
	};
	rootObject = 0AA988C21E5BE84300D5E065 /* Project object */;
}
